
Microsoft Visual Studio Solution File, Format Version 12.00
# Visual Studio 15
VisualStudioVersion = 15.0.28307.421
MinimumVisualStudioVersion = 10.0.40219.1
Project("{2150E333-8FDC-42A3-9474-1A3956D46DE8}") = "PhoneLibrary", "PhoneLibrary", "{5D0B272C-A44A-49AB-9A5B-EF3A9810CD27}"
EndProject
Project("{2150E333-8FDC-42A3-9474-1A3956D46DE8}") = "CommonLibrary", "CommonLibrary", "{57A6471A-2B71-4D59-9379-618254D477E3}"
EndProject
Project("{FAE04EC0-301F-11D3-BF4B-00C04F79EFBC}") = "Common", "ClassLibrary1\Common.csproj", "{62AA01B5-3C8E-4751-A578-B07D25E31247}"
EndProject
Project("{FAE04EC0-301F-11D3-BF4B-00C04F79EFBC}") = "PhoneComponents", "ClassLibrary2\PhoneComponents.csproj", "{D1C13831-C17D-457A-9190-CC39E58B2194}"
EndProject
Project("{FAE04EC0-301F-11D3-BF4B-00C04F79EFBC}") = "Headset", "Headset\Headset.csproj", "{93790F72-FDE8-450A-BF66-CCBF4930C52A}"
EndProject
Project("{2150E333-8FDC-42A3-9474-1A3956D46DE8}") = "HeadSets", "HeadSets", "{27D7F5A0-AFCC-4ABB-91AA-9BC2FFB13850}"
EndProject
Project("{FAE04EC0-301F-11D3-BF4B-00C04F79EFBC}") = "Chargers", "Chargers\Chargers.csproj", "{9740C68F-0266-4A83-BF5B-CD7B1832CD08}"
EndProject
Project("{FAE04EC0-301F-11D3-BF4B-00C04F79EFBC}") = "Output", "Output\Output.csproj", "{8E0AD61F-7096-4477-973B-6375C194F92B}"
EndProject
Project("{2150E333-8FDC-42A3-9474-1A3956D46DE8}") = "SimcorpPhoneWinForm3", "SimcorpPhoneWinForm3", "{1EF23F1C-7E5B-4798-B832-39339046B9B4}"
EndProject
Project("{FAE04EC0-301F-11D3-BF4B-00C04F79EFBC}") = "MobilePhoneProjLab3WinForm", "MobilePhoneProjLab2WinForm\MobilePhoneProjLab3WinForm.csproj", "{4651820D-3E37-4C7E-A15C-2AFE8E65C577}"
EndProject
Project("{FAE04EC0-301F-11D3-BF4B-00C04F79EFBC}") = "Test", "Test\Test.csproj", "{325F96F6-4A57-47FA-B4E5-23281AB06527}"
EndProject
Global
	GlobalSection(SolutionConfigurationPlatforms) = preSolution
		Debug|Any CPU = Debug|Any CPU
		Release|Any CPU = Release|Any CPU
	EndGlobalSection
	GlobalSection(ProjectConfigurationPlatforms) = postSolution
		{62AA01B5-3C8E-4751-A578-B07D25E31247}.Debug|Any CPU.ActiveCfg = Debug|Any CPU
		{62AA01B5-3C8E-4751-A578-B07D25E31247}.Debug|Any CPU.Build.0 = Debug|Any CPU
		{62AA01B5-3C8E-4751-A578-B07D25E31247}.Release|Any CPU.ActiveCfg = Release|Any CPU
		{62AA01B5-3C8E-4751-A578-B07D25E31247}.Release|Any CPU.Build.0 = Release|Any CPU
		{D1C13831-C17D-457A-9190-CC39E58B2194}.Debug|Any CPU.ActiveCfg = Debug|Any CPU
		{D1C13831-C17D-457A-9190-CC39E58B2194}.Debug|Any CPU.Build.0 = Debug|Any CPU
		{D1C13831-C17D-457A-9190-CC39E58B2194}.Release|Any CPU.ActiveCfg = Release|Any CPU
		{D1C13831-C17D-457A-9190-CC39E58B2194}.Release|Any CPU.Build.0 = Release|Any CPU
		{93790F72-FDE8-450A-BF66-CCBF4930C52A}.Debug|Any CPU.ActiveCfg = Debug|Any CPU
		{93790F72-FDE8-450A-BF66-CCBF4930C52A}.Debug|Any CPU.Build.0 = Debug|Any CPU
		{93790F72-FDE8-450A-BF66-CCBF4930C52A}.Release|Any CPU.ActiveCfg = Release|Any CPU
		{93790F72-FDE8-450A-BF66-CCBF4930C52A}.Release|Any CPU.Build.0 = Release|Any CPU
		{9740C68F-0266-4A83-BF5B-CD7B1832CD08}.Debug|Any CPU.ActiveCfg = Debug|Any CPU
		{9740C68F-0266-4A83-BF5B-CD7B1832CD08}.Debug|Any CPU.Build.0 = Debug|Any CPU
		{9740C68F-0266-4A83-BF5B-CD7B1832CD08}.Release|Any CPU.ActiveCfg = Release|Any CPU
		{9740C68F-0266-4A83-BF5B-CD7B1832CD08}.Release|Any CPU.Build.0 = Release|Any CPU
		{8E0AD61F-7096-4477-973B-6375C194F92B}.Debug|Any CPU.ActiveCfg = Debug|Any CPU
		{8E0AD61F-7096-4477-973B-6375C194F92B}.Debug|Any CPU.Build.0 = Debug|Any CPU
		{8E0AD61F-7096-4477-973B-6375C194F92B}.Release|Any CPU.ActiveCfg = Release|Any CPU
		{8E0AD61F-7096-4477-973B-6375C194F92B}.Release|Any CPU.Build.0 = Release|Any CPU
		{4651820D-3E37-4C7E-A15C-2AFE8E65C577}.Debug|Any CPU.ActiveCfg = Debug|Any CPU
		{4651820D-3E37-4C7E-A15C-2AFE8E65C577}.Debug|Any CPU.Build.0 = Debug|Any CPU
		{4651820D-3E37-4C7E-A15C-2AFE8E65C577}.Release|Any CPU.ActiveCfg = Release|Any CPU
		{4651820D-3E37-4C7E-A15C-2AFE8E65C577}.Release|Any CPU.Build.0 = Release|Any CPU
		{325F96F6-4A57-47FA-B4E5-23281AB06527}.Debug|Any CPU.ActiveCfg = Debug|Any CPU
		{325F96F6-4A57-47FA-B4E5-23281AB06527}.Debug|Any CPU.Build.0 = Debug|Any CPU
		{325F96F6-4A57-47FA-B4E5-23281AB06527}.Release|Any CPU.ActiveCfg = Release|Any CPU
		{325F96F6-4A57-47FA-B4E5-23281AB06527}.Release|Any CPU.Build.0 = Release|Any CPU
	EndGlobalSection
	GlobalSection(SolutionProperties) = preSolution
		HideSolutionNode = FALSE
	EndGlobalSection
	GlobalSection(NestedProjects) = preSolution
		{62AA01B5-3C8E-4751-A578-B07D25E31247} = {57A6471A-2B71-4D59-9379-618254D477E3}
		{D1C13831-C17D-457A-9190-CC39E58B2194} = {5D0B272C-A44A-49AB-9A5B-EF3A9810CD27}
		{93790F72-FDE8-450A-BF66-CCBF4930C52A} = {27D7F5A0-AFCC-4ABB-91AA-9BC2FFB13850}
		{9740C68F-0266-4A83-BF5B-CD7B1832CD08} = {27D7F5A0-AFCC-4ABB-91AA-9BC2FFB13850}
		{8E0AD61F-7096-4477-973B-6375C194F92B} = {27D7F5A0-AFCC-4ABB-91AA-9BC2FFB13850}
		{4651820D-3E37-4C7E-A15C-2AFE8E65C577} = {1EF23F1C-7E5B-4798-B832-39339046B9B4}
		{325F96F6-4A57-47FA-B4E5-23281AB06527} = {1EF23F1C-7E5B-4798-B832-39339046B9B4}
	EndGlobalSection
	GlobalSection(ExtensibilityGlobals) = postSolution
		SolutionGuid = {28A63A9B-6FC5-4AD5-BB59-1AEC63A55400}
	EndGlobalSection
EndGlobal
